
Microsoft Visual Studio Solution File, Format Version 12.00
# Visual Studio Express 2012 for Web
Project("{FAE04EC0-301F-11D3-BF4B-00C04F79EFBC}") = "SudokuSolver.ConsoleApp", "SudokuSolver.ConsoleApp\SudokuSolver.ConsoleApp.csproj", "{3ACDFA32-1459-4D33-A1B7-129F27A80F45}"
EndProject
Project("{FAE04EC0-301F-11D3-BF4B-00C04F79EFBC}") = "SudokuSolver.Engine", "SudokuSolver.Engine\SudokuSolver.Engine.csproj", "{E13870F4-FB1D-4F95-8FB9-7D033FD3C96B}"
EndProject
Project("{2150E333-8FDC-42A3-9474-1A3956D46DE8}") = ".nuget", ".nuget", "{7BFB50BD-D823-423C-876C-2BFCF45A4E94}"
EndProject
Project("{FAE04EC0-301F-11D3-BF4B-00C04F79EFBC}") = "SudokuSolver.WebApp", "SudokuSolver.WebApp\SudokuSolver.WebApp.csproj", "{FC42F20E-D9C3-4E73-805D-D1326D5F6612}"
EndProject
Project("{FAE04EC0-301F-11D3-BF4B-00C04F79EFBC}") = "SudokuSolver.WebApp.Tester", "SudokuSolver.WebApp.Tester\SudokuSolver.WebApp.Tester.csproj", "{4428D1E3-C5CB-41BB-955F-E0213DEDE413}"
EndProject
Project("{2150E333-8FDC-42A3-9474-1A3956D46DE8}") = "Solution Items", "Solution Items", "{B8162A95-5225-42E7-B2D8-0DA0B020E550}"
	ProjectSection(SolutionItems) = preProject
		Notes.md = Notes.md
		ReadMe.md = ReadMe.md
	EndProjectSection
EndProject
Global
	GlobalSection(SolutionConfigurationPlatforms) = preSolution
		Debug|Any CPU = Debug|Any CPU
		Release|Any CPU = Release|Any CPU
	EndGlobalSection
	GlobalSection(ProjectConfigurationPlatforms) = postSolution
		{3ACDFA32-1459-4D33-A1B7-129F27A80F45}.Debug|Any CPU.ActiveCfg = Debug|Any CPU
		{3ACDFA32-1459-4D33-A1B7-129F27A80F45}.Debug|Any CPU.Build.0 = Debug|Any CPU
		{3ACDFA32-1459-4D33-A1B7-129F27A80F45}.Release|Any CPU.ActiveCfg = Release|Any CPU
		{3ACDFA32-1459-4D33-A1B7-129F27A80F45}.Release|Any CPU.Build.0 = Release|Any CPU
		{E13870F4-FB1D-4F95-8FB9-7D033FD3C96B}.Debug|Any CPU.ActiveCfg = Debug|Any CPU
		{E13870F4-FB1D-4F95-8FB9-7D033FD3C96B}.Debug|Any CPU.Build.0 = Debug|Any CPU
		{E13870F4-FB1D-4F95-8FB9-7D033FD3C96B}.Release|Any CPU.ActiveCfg = Release|Any CPU
		{E13870F4-FB1D-4F95-8FB9-7D033FD3C96B}.Release|Any CPU.Build.0 = Release|Any CPU
		{FC42F20E-D9C3-4E73-805D-D1326D5F6612}.Debug|Any CPU.ActiveCfg = Debug|Any CPU
		{FC42F20E-D9C3-4E73-805D-D1326D5F6612}.Debug|Any CPU.Build.0 = Debug|Any CPU
		{FC42F20E-D9C3-4E73-805D-D1326D5F6612}.Release|Any CPU.ActiveCfg = Release|Any CPU
		{FC42F20E-D9C3-4E73-805D-D1326D5F6612}.Release|Any CPU.Build.0 = Release|Any CPU
		{4428D1E3-C5CB-41BB-955F-E0213DEDE413}.Debug|Any CPU.ActiveCfg = Debug|Any CPU
		{4428D1E3-C5CB-41BB-955F-E0213DEDE413}.Release|Any CPU.ActiveCfg = Release|Any CPU
	EndGlobalSection
	GlobalSection(SolutionProperties) = preSolution
		HideSolutionNode = FALSE
	EndGlobalSection
EndGlobal
